
Microsoft Visual Studio Solution File, Format Version 12.00
# Visual Studio Version 17
VisualStudioVersion = 17.0.32014.148
MinimumVisualStudioVersion = 10.0.40219.1
Project("{FAE04EC0-301F-11D3-BF4B-00C04F79EFBC}") = "DataScriptGenerator", "DataScriptGenerator\DataScriptGenerator.csproj", "{938DB373-193B-48AD-A7CD-A66523CF1ECC}"
EndProject
Global
	GlobalSection(SolutionConfigurationPlatforms) = preSolution
		Debug|Any CPU = Debug|Any CPU
		Release|Any CPU = Release|Any CPU
	EndGlobalSection
	GlobalSection(ProjectConfigurationPlatforms) = postSolution
		{938DB373-193B-48AD-A7CD-A66523CF1ECC}.Debug|Any CPU.ActiveCfg = Debug|Any CPU
		{938DB373-193B-48AD-A7CD-A66523CF1ECC}.Debug|Any CPU.Build.0 = Debug|Any CPU
		{938DB373-193B-48AD-A7CD-A66523CF1ECC}.Release|Any CPU.ActiveCfg = Release|Any CPU
		{938DB373-193B-48AD-A7CD-A66523CF1ECC}.Release|Any CPU.Build.0 = Release|Any CPU
	EndGlobalSection
	GlobalSection(SolutionProperties) = preSolution
		HideSolutionNode = FALSE
	EndGlobalSection
	GlobalSection(ExtensibilityGlobals) = postSolution
		SolutionGuid = {0CCDDB4B-5678-44D9-B272-48189E278DD2}
	EndGlobalSection
EndGlobal
